
Microsoft Visual Studio Solution File, Format Version 12.00
# Visual Studio Version 16
VisualStudioVersion = 16.0.31702.278
MinimumVisualStudioVersion = 10.0.40219.1
Project("{9A19103F-16F7-4668-BE54-9A1E7A4F7556}") = "DB", "DB\DB.csproj", "{316D0D6D-CA85-4CAA-BCDE-D4E127AAE9A7}"
EndProject
Project("{9A19103F-16F7-4668-BE54-9A1E7A4F7556}") = "Utils", "Utils\Utils.csproj", "{3BFA739B-2258-46C5-948D-0E3D97F8147D}"
EndProject
Project("{9A19103F-16F7-4668-BE54-9A1E7A4F7556}") = "Log", "Log\Log.csproj", "{FB54E7B2-9F02-4306-93AD-0DBE4D1C510F}"
EndProject
Project("{9A19103F-16F7-4668-BE54-9A1E7A4F7556}") = "UtilsTests", "UtilsTests\UtilsTests.csproj", "{3190E3A0-BE30-4B15-AC9B-A3CC5A95894A}"
EndProject
Project("{9A19103F-16F7-4668-BE54-9A1E7A4F7556}") = "Main", "Main\Main.csproj", "{AF4654DE-370E-4D63-BBCC-5CD13E23A437}"
EndProject
Project("{9A19103F-16F7-4668-BE54-9A1E7A4F7556}") = "MainTests", "MainTest\MainTests.csproj", "{C670D48E-37F0-4C24-AE37-475CB5A26636}"
EndProject
Global
	GlobalSection(SolutionConfigurationPlatforms) = preSolution
		Debug|Any CPU = Debug|Any CPU
		Release|Any CPU = Release|Any CPU
	EndGlobalSection
	GlobalSection(ProjectConfigurationPlatforms) = postSolution
		{316D0D6D-CA85-4CAA-BCDE-D4E127AAE9A7}.Debug|Any CPU.ActiveCfg = Debug|Any CPU
		{316D0D6D-CA85-4CAA-BCDE-D4E127AAE9A7}.Debug|Any CPU.Build.0 = Debug|Any CPU
		{316D0D6D-CA85-4CAA-BCDE-D4E127AAE9A7}.Release|Any CPU.ActiveCfg = Release|Any CPU
		{316D0D6D-CA85-4CAA-BCDE-D4E127AAE9A7}.Release|Any CPU.Build.0 = Release|Any CPU
		{3BFA739B-2258-46C5-948D-0E3D97F8147D}.Debug|Any CPU.ActiveCfg = Debug|Any CPU
		{3BFA739B-2258-46C5-948D-0E3D97F8147D}.Debug|Any CPU.Build.0 = Debug|Any CPU
		{3BFA739B-2258-46C5-948D-0E3D97F8147D}.Release|Any CPU.ActiveCfg = Release|Any CPU
		{3BFA739B-2258-46C5-948D-0E3D97F8147D}.Release|Any CPU.Build.0 = Release|Any CPU
		{FB54E7B2-9F02-4306-93AD-0DBE4D1C510F}.Debug|Any CPU.ActiveCfg = Debug|Any CPU
		{FB54E7B2-9F02-4306-93AD-0DBE4D1C510F}.Debug|Any CPU.Build.0 = Debug|Any CPU
		{FB54E7B2-9F02-4306-93AD-0DBE4D1C510F}.Release|Any CPU.ActiveCfg = Release|Any CPU
		{FB54E7B2-9F02-4306-93AD-0DBE4D1C510F}.Release|Any CPU.Build.0 = Release|Any CPU
		{3190E3A0-BE30-4B15-AC9B-A3CC5A95894A}.Debug|Any CPU.ActiveCfg = Debug|Any CPU
		{3190E3A0-BE30-4B15-AC9B-A3CC5A95894A}.Debug|Any CPU.Build.0 = Debug|Any CPU
		{3190E3A0-BE30-4B15-AC9B-A3CC5A95894A}.Release|Any CPU.ActiveCfg = Release|Any CPU
		{3190E3A0-BE30-4B15-AC9B-A3CC5A95894A}.Release|Any CPU.Build.0 = Release|Any CPU
		{AF4654DE-370E-4D63-BBCC-5CD13E23A437}.Debug|Any CPU.ActiveCfg = Debug|Any CPU
		{AF4654DE-370E-4D63-BBCC-5CD13E23A437}.Debug|Any CPU.Build.0 = Debug|Any CPU
		{AF4654DE-370E-4D63-BBCC-5CD13E23A437}.Release|Any CPU.ActiveCfg = Release|Any CPU
		{AF4654DE-370E-4D63-BBCC-5CD13E23A437}.Release|Any CPU.Build.0 = Release|Any CPU
		{C670D48E-37F0-4C24-AE37-475CB5A26636}.Debug|Any CPU.ActiveCfg = Debug|Any CPU
		{C670D48E-37F0-4C24-AE37-475CB5A26636}.Debug|Any CPU.Build.0 = Debug|Any CPU
		{C670D48E-37F0-4C24-AE37-475CB5A26636}.Release|Any CPU.ActiveCfg = Release|Any CPU
		{C670D48E-37F0-4C24-AE37-475CB5A26636}.Release|Any CPU.Build.0 = Release|Any CPU
	EndGlobalSection
	GlobalSection(SolutionProperties) = preSolution
		HideSolutionNode = FALSE
	EndGlobalSection
	GlobalSection(ExtensibilityGlobals) = postSolution
		SolutionGuid = {984D1369-B709-4A93-BEB2-931F766F09CC}
	EndGlobalSection
EndGlobal
