
Microsoft Visual Studio Solution File, Format Version 12.00
# Visual Studio Version 16
VisualStudioVersion = 16.0.31702.278
MinimumVisualStudioVersion = 10.0.40219.1
Project("{9A19103F-16F7-4668-BE54-9A1E7A4F7556}") = "Utils", "Utils\Utils.csproj", "{3BFA739B-2258-46C5-948D-0E3D97F8147D}"
EndProject
Project("{9A19103F-16F7-4668-BE54-9A1E7A4F7556}") = "Log", "Log\Log.csproj", "{FB54E7B2-9F02-4306-93AD-0DBE4D1C510F}"
EndProject
Project("{9A19103F-16F7-4668-BE54-9A1E7A4F7556}") = "UtilsTests", "UtilsTests\UtilsTests.csproj", "{3190E3A0-BE30-4B15-AC9B-A3CC5A95894A}"
EndProject
Project("{9A19103F-16F7-4668-BE54-9A1E7A4F7556}") = "Main", "Main\Main.csproj", "{AF4654DE-370E-4D63-BBCC-5CD13E23A437}"
EndProject
Project("{9A19103F-16F7-4668-BE54-9A1E7A4F7556}") = "MainTests", "MainTest\MainTests.csproj", "{C670D48E-37F0-4C24-AE37-475CB5A26636}"
EndProject
Project("{9A19103F-16F7-4668-BE54-9A1E7A4F7556}") = "DataTests", "DBTests\DataTests.csproj", "{5D0D215C-03C8-48AD-8D16-204F2ACA212A}"
EndProject
Project("{FAE04EC0-301F-11D3-BF4B-00C04F79EFBC}") = "www", "www\www.csproj", "{EA24741D-530E-46A5-A82C-AA2D6BD697B2}"
EndProject
Project("{9A19103F-16F7-4668-BE54-9A1E7A4F7556}") = "Data", "Data\Data.csproj", "{814BBD92-5830-4E4F-A93B-F5EBB558118D}"
EndProject
Project("{9A19103F-16F7-4668-BE54-9A1E7A4F7556}") = "Invitation", "Invitation\Invitation.csproj", "{4F65E1EE-0DA0-4190-A204-B9FE1C83CFD2}"
EndProject
Project("{9A19103F-16F7-4668-BE54-9A1E7A4F7556}") = "InvitationTests", "InvitationTests\InvitationTests.csproj", "{4C7E6237-B31B-4784-AACC-9D037C346C0C}"
EndProject
Project("{9A19103F-16F7-4668-BE54-9A1E7A4F7556}") = "LogTests", "LogTests\LogTests.csproj", "{3B53E763-192A-4F05-8C6C-4BFCD94E9009}"
EndProject
Project("{FAE04EC0-301F-11D3-BF4B-00C04F79EFBC}") = "wwwTests", "wwwTests\wwwTests.csproj", "{C4CA53CD-7E66-429D-B0A1-EACE34437223}"
EndProject
Global
	GlobalSection(SolutionConfigurationPlatforms) = preSolution
		Debug|Any CPU = Debug|Any CPU
		Release|Any CPU = Release|Any CPU
	EndGlobalSection
	GlobalSection(ProjectConfigurationPlatforms) = postSolution
		{3BFA739B-2258-46C5-948D-0E3D97F8147D}.Debug|Any CPU.ActiveCfg = Debug|Any CPU
		{3BFA739B-2258-46C5-948D-0E3D97F8147D}.Debug|Any CPU.Build.0 = Debug|Any CPU
		{3BFA739B-2258-46C5-948D-0E3D97F8147D}.Release|Any CPU.ActiveCfg = Release|Any CPU
		{3BFA739B-2258-46C5-948D-0E3D97F8147D}.Release|Any CPU.Build.0 = Release|Any CPU
		{FB54E7B2-9F02-4306-93AD-0DBE4D1C510F}.Debug|Any CPU.ActiveCfg = Debug|Any CPU
		{FB54E7B2-9F02-4306-93AD-0DBE4D1C510F}.Debug|Any CPU.Build.0 = Debug|Any CPU
		{FB54E7B2-9F02-4306-93AD-0DBE4D1C510F}.Release|Any CPU.ActiveCfg = Release|Any CPU
		{FB54E7B2-9F02-4306-93AD-0DBE4D1C510F}.Release|Any CPU.Build.0 = Release|Any CPU
		{3190E3A0-BE30-4B15-AC9B-A3CC5A95894A}.Debug|Any CPU.ActiveCfg = Debug|Any CPU
		{3190E3A0-BE30-4B15-AC9B-A3CC5A95894A}.Debug|Any CPU.Build.0 = Debug|Any CPU
		{3190E3A0-BE30-4B15-AC9B-A3CC5A95894A}.Release|Any CPU.ActiveCfg = Release|Any CPU
		{3190E3A0-BE30-4B15-AC9B-A3CC5A95894A}.Release|Any CPU.Build.0 = Release|Any CPU
		{AF4654DE-370E-4D63-BBCC-5CD13E23A437}.Debug|Any CPU.ActiveCfg = Debug|Any CPU
		{AF4654DE-370E-4D63-BBCC-5CD13E23A437}.Debug|Any CPU.Build.0 = Debug|Any CPU
		{AF4654DE-370E-4D63-BBCC-5CD13E23A437}.Release|Any CPU.ActiveCfg = Release|Any CPU
		{AF4654DE-370E-4D63-BBCC-5CD13E23A437}.Release|Any CPU.Build.0 = Release|Any CPU
		{C670D48E-37F0-4C24-AE37-475CB5A26636}.Debug|Any CPU.ActiveCfg = Debug|Any CPU
		{C670D48E-37F0-4C24-AE37-475CB5A26636}.Debug|Any CPU.Build.0 = Debug|Any CPU
		{C670D48E-37F0-4C24-AE37-475CB5A26636}.Release|Any CPU.ActiveCfg = Release|Any CPU
		{C670D48E-37F0-4C24-AE37-475CB5A26636}.Release|Any CPU.Build.0 = Release|Any CPU
		{5D0D215C-03C8-48AD-8D16-204F2ACA212A}.Debug|Any CPU.ActiveCfg = Debug|Any CPU
		{5D0D215C-03C8-48AD-8D16-204F2ACA212A}.Debug|Any CPU.Build.0 = Debug|Any CPU
		{5D0D215C-03C8-48AD-8D16-204F2ACA212A}.Release|Any CPU.ActiveCfg = Release|Any CPU
		{5D0D215C-03C8-48AD-8D16-204F2ACA212A}.Release|Any CPU.Build.0 = Release|Any CPU
		{EA24741D-530E-46A5-A82C-AA2D6BD697B2}.Debug|Any CPU.ActiveCfg = Debug|Any CPU
		{EA24741D-530E-46A5-A82C-AA2D6BD697B2}.Debug|Any CPU.Build.0 = Debug|Any CPU
		{EA24741D-530E-46A5-A82C-AA2D6BD697B2}.Release|Any CPU.ActiveCfg = Release|Any CPU
		{EA24741D-530E-46A5-A82C-AA2D6BD697B2}.Release|Any CPU.Build.0 = Release|Any CPU
		{814BBD92-5830-4E4F-A93B-F5EBB558118D}.Debug|Any CPU.ActiveCfg = Debug|Any CPU
		{814BBD92-5830-4E4F-A93B-F5EBB558118D}.Debug|Any CPU.Build.0 = Debug|Any CPU
		{814BBD92-5830-4E4F-A93B-F5EBB558118D}.Release|Any CPU.ActiveCfg = Release|Any CPU
		{814BBD92-5830-4E4F-A93B-F5EBB558118D}.Release|Any CPU.Build.0 = Release|Any CPU
		{4F65E1EE-0DA0-4190-A204-B9FE1C83CFD2}.Debug|Any CPU.ActiveCfg = Debug|Any CPU
		{4F65E1EE-0DA0-4190-A204-B9FE1C83CFD2}.Debug|Any CPU.Build.0 = Debug|Any CPU
		{4F65E1EE-0DA0-4190-A204-B9FE1C83CFD2}.Release|Any CPU.ActiveCfg = Release|Any CPU
		{4F65E1EE-0DA0-4190-A204-B9FE1C83CFD2}.Release|Any CPU.Build.0 = Release|Any CPU
		{4C7E6237-B31B-4784-AACC-9D037C346C0C}.Debug|Any CPU.ActiveCfg = Debug|Any CPU
		{4C7E6237-B31B-4784-AACC-9D037C346C0C}.Debug|Any CPU.Build.0 = Debug|Any CPU
		{4C7E6237-B31B-4784-AACC-9D037C346C0C}.Release|Any CPU.ActiveCfg = Release|Any CPU
		{4C7E6237-B31B-4784-AACC-9D037C346C0C}.Release|Any CPU.Build.0 = Release|Any CPU
		{3B53E763-192A-4F05-8C6C-4BFCD94E9009}.Debug|Any CPU.ActiveCfg = Debug|Any CPU
		{3B53E763-192A-4F05-8C6C-4BFCD94E9009}.Debug|Any CPU.Build.0 = Debug|Any CPU
		{3B53E763-192A-4F05-8C6C-4BFCD94E9009}.Release|Any CPU.ActiveCfg = Release|Any CPU
		{3B53E763-192A-4F05-8C6C-4BFCD94E9009}.Release|Any CPU.Build.0 = Release|Any CPU
		{C4CA53CD-7E66-429D-B0A1-EACE34437223}.Debug|Any CPU.ActiveCfg = Debug|Any CPU
		{C4CA53CD-7E66-429D-B0A1-EACE34437223}.Debug|Any CPU.Build.0 = Debug|Any CPU
		{C4CA53CD-7E66-429D-B0A1-EACE34437223}.Release|Any CPU.ActiveCfg = Release|Any CPU
		{C4CA53CD-7E66-429D-B0A1-EACE34437223}.Release|Any CPU.Build.0 = Release|Any CPU
	EndGlobalSection
	GlobalSection(SolutionProperties) = preSolution
		HideSolutionNode = FALSE
	EndGlobalSection
	GlobalSection(ExtensibilityGlobals) = postSolution
		SolutionGuid = {984D1369-B709-4A93-BEB2-931F766F09CC}
	EndGlobalSection
EndGlobal
